
Microsoft Visual Studio Solution File, Format Version 11.00
# Visual Studio 2010
Project("{FAE04EC0-301F-11D3-BF4B-00C04F79EFBC}") = "RetrieveComments", "RetrieveComments\RetrieveComments.csproj", "{3CA324D9-5E8F-428A-8ED3-50BC68E7ACFB}"
EndProject
Global
	GlobalSection(SolutionConfigurationPlatforms) = preSolution
		Debug|x86 = Debug|x86
		Release|x86 = Release|x86
	EndGlobalSection
	GlobalSection(ProjectConfigurationPlatforms) = postSolution
		{3CA324D9-5E8F-428A-8ED3-50BC68E7ACFB}.Debug|x86.ActiveCfg = Debug|x86
		{3CA324D9-5E8F-428A-8ED3-50BC68E7ACFB}.Debug|x86.Build.0 = Debug|x86
		{3CA324D9-5E8F-428A-8ED3-50BC68E7ACFB}.Release|x86.ActiveCfg = Release|x86
		{3CA324D9-5E8F-428A-8ED3-50BC68E7ACFB}.Release|x86.Build.0 = Release|x86
	EndGlobalSection
	GlobalSection(SolutionProperties) = preSolution
		HideSolutionNode = FALSE
	EndGlobalSection
EndGlobal
