<?xml version="1.0" encoding="utf-8"?>
<Project ToolsVersion="4.0" xmlns="http://schemas.microsoft.com/developer/msbuild/2003">
  <ItemGroup>
    <Filter Include="Source Files">
      <UniqueIdentifier>{b4f10e71-0309-463c-9b10-a998ca370906}</UniqueIdentifier>
    </Filter>
    <Filter Include="Generated Files">
      <UniqueIdentifier>{be2f2eb3-c36c-4092-8596-5c9e30d0fcd8}</UniqueIdentifier>
      <SourceControlFiles>False</SourceControlFiles>
    </Filter>
  </ItemGroup>
  <ItemGroup>
    <None Include="MyIFilterps.def" />
  </ItemGroup>
  <ItemGroup>
    <ClCompile Include="MyIFilter_i.c">
      <Filter>Generated Files</Filter>
    </ClCompile>
    <ClCompile Include="MyIFilter_p.c">
      <Filter>Generated Files</Filter>
    </ClCompile>
    <ClCompile Include="dlldata.c">
      <Filter>Generated Files</Filter>
    </ClCompile>
  </ItemGroup>
</Project>