
Microsoft Visual Studio Solution File, Format Version 11.00
# Visual Studio 2010
Project("{FAE04EC0-301F-11D3-BF4B-00C04F79EFBC}") = "XLAddCustomUI", "XLAddCustomUI\XLAddCustomUI.csproj", "{F02714E1-0E73-4C72-80CF-FCE1035F9093}"
EndProject
Global
	GlobalSection(SolutionConfigurationPlatforms) = preSolution
		Debug|x86 = Debug|x86
		Release|x86 = Release|x86
	EndGlobalSection
	GlobalSection(ProjectConfigurationPlatforms) = postSolution
		{F02714E1-0E73-4C72-80CF-FCE1035F9093}.Debug|x86.ActiveCfg = Debug|x86
		{F02714E1-0E73-4C72-80CF-FCE1035F9093}.Debug|x86.Build.0 = Debug|x86
		{F02714E1-0E73-4C72-80CF-FCE1035F9093}.Release|x86.ActiveCfg = Release|x86
		{F02714E1-0E73-4C72-80CF-FCE1035F9093}.Release|x86.Build.0 = Release|x86
	EndGlobalSection
	GlobalSection(SolutionProperties) = preSolution
		HideSolutionNode = FALSE
	EndGlobalSection
EndGlobal
