
Microsoft Visual Studio Solution File, Format Version 12.00
# Visual Studio 2012
Project("{FAE04EC0-301F-11D3-BF4B-00C04F79EFBC}") = "IdentityToken", "IdentityToken\IdentityToken.csproj", "{7F061482-A9EA-44E4-80BE-2A079A1C8ADF}"
EndProject
Project("{FAE04EC0-301F-11D3-BF4B-00C04F79EFBC}") = "IdentityTokenWeb", "IdentityTokenWeb\IdentityTokenWeb.csproj", "{0C4AD885-3587-45EF-B993-E529F499D539}"
EndProject
Project("{FAE04EC0-301F-11D3-BF4B-00C04F79EFBC}") = "IdentityTokenService", "IdentityTokenService\IdentityTokenService.csproj", "{3AF88B17-EFB1-48DE-A3F1-A90BB209B010}"
EndProject
Global
	GlobalSection(SolutionConfigurationPlatforms) = preSolution
		Debug|Any CPU = Debug|Any CPU
		Release|Any CPU = Release|Any CPU
	EndGlobalSection
	GlobalSection(ProjectConfigurationPlatforms) = postSolution
		{7F061482-A9EA-44E4-80BE-2A079A1C8ADF}.Debug|Any CPU.ActiveCfg = Debug|Any CPU
		{7F061482-A9EA-44E4-80BE-2A079A1C8ADF}.Debug|Any CPU.Build.0 = Debug|Any CPU
		{7F061482-A9EA-44E4-80BE-2A079A1C8ADF}.Debug|Any CPU.Deploy.0 = Debug|Any CPU
		{7F061482-A9EA-44E4-80BE-2A079A1C8ADF}.Release|Any CPU.ActiveCfg = Release|Any CPU
		{7F061482-A9EA-44E4-80BE-2A079A1C8ADF}.Release|Any CPU.Build.0 = Release|Any CPU
		{7F061482-A9EA-44E4-80BE-2A079A1C8ADF}.Release|Any CPU.Deploy.0 = Release|Any CPU
		{0C4AD885-3587-45EF-B993-E529F499D539}.Debug|Any CPU.ActiveCfg = Debug|Any CPU
		{0C4AD885-3587-45EF-B993-E529F499D539}.Debug|Any CPU.Build.0 = Debug|Any CPU
		{0C4AD885-3587-45EF-B993-E529F499D539}.Release|Any CPU.ActiveCfg = Release|Any CPU
		{0C4AD885-3587-45EF-B993-E529F499D539}.Release|Any CPU.Build.0 = Release|Any CPU
		{3AF88B17-EFB1-48DE-A3F1-A90BB209B010}.Debug|Any CPU.ActiveCfg = Debug|Any CPU
		{3AF88B17-EFB1-48DE-A3F1-A90BB209B010}.Debug|Any CPU.Build.0 = Debug|Any CPU
		{3AF88B17-EFB1-48DE-A3F1-A90BB209B010}.Release|Any CPU.ActiveCfg = Release|Any CPU
		{3AF88B17-EFB1-48DE-A3F1-A90BB209B010}.Release|Any CPU.Build.0 = Release|Any CPU
	EndGlobalSection
	GlobalSection(SolutionProperties) = preSolution
		HideSolutionNode = FALSE
	EndGlobalSection
EndGlobal
