
Microsoft Visual Studio Solution File, Format Version 11.00
# Visual Studio 2010
Project("{FAE04EC0-301F-11D3-BF4B-00C04F79EFBC}") = "ConsoleApplication1", "ConsoleApplication1\ConsoleApplication1.csproj", "{8DD7FBAE-05EE-400D-B42B-47D2E26A87F6}"
EndProject
Global
	GlobalSection(SolutionConfigurationPlatforms) = preSolution
		Debug|x86 = Debug|x86
		Release|x86 = Release|x86
	EndGlobalSection
	GlobalSection(ProjectConfigurationPlatforms) = postSolution
		{8DD7FBAE-05EE-400D-B42B-47D2E26A87F6}.Debug|x86.ActiveCfg = Debug|x86
		{8DD7FBAE-05EE-400D-B42B-47D2E26A87F6}.Debug|x86.Build.0 = Debug|x86
		{8DD7FBAE-05EE-400D-B42B-47D2E26A87F6}.Release|x86.ActiveCfg = Release|x86
		{8DD7FBAE-05EE-400D-B42B-47D2E26A87F6}.Release|x86.Build.0 = Release|x86
	EndGlobalSection
	GlobalSection(SolutionProperties) = preSolution
		HideSolutionNode = FALSE
	EndGlobalSection
EndGlobal
