
Microsoft Visual Studio Solution File, Format Version 12.00
# Visual Studio 2012
Project("{FAE04EC0-301F-11D3-BF4B-00C04F79EFBC}") = "UpdateListCA", "UpdateListCA\UpdateListCA.csproj", "{58A2A388-FEA6-406D-B7B1-AEF839F8A3EB}"
EndProject
Global
	GlobalSection(SolutionConfigurationPlatforms) = preSolution
		Debug|Any CPU = Debug|Any CPU
		Release|Any CPU = Release|Any CPU
	EndGlobalSection
	GlobalSection(ProjectConfigurationPlatforms) = postSolution
		{58A2A388-FEA6-406D-B7B1-AEF839F8A3EB}.Debug|Any CPU.ActiveCfg = Debug|Any CPU
		{58A2A388-FEA6-406D-B7B1-AEF839F8A3EB}.Debug|Any CPU.Build.0 = Debug|Any CPU
		{58A2A388-FEA6-406D-B7B1-AEF839F8A3EB}.Debug|Any CPU.Deploy.0 = Debug|Any CPU
		{58A2A388-FEA6-406D-B7B1-AEF839F8A3EB}.Release|Any CPU.ActiveCfg = Release|Any CPU
		{58A2A388-FEA6-406D-B7B1-AEF839F8A3EB}.Release|Any CPU.Build.0 = Release|Any CPU
		{58A2A388-FEA6-406D-B7B1-AEF839F8A3EB}.Release|Any CPU.Deploy.0 = Release|Any CPU
	EndGlobalSection
	GlobalSection(SolutionProperties) = preSolution
		HideSolutionNode = FALSE
	EndGlobalSection
EndGlobal
