
Microsoft Visual Studio Solution File, Format Version 12.00
# Visual Studio 2012
Project("{FAE04EC0-301F-11D3-BF4B-00C04F79EFBC}") = "WeatherBug", "WeatherBug\WeatherBug.csproj", "{9F04F542-EA19-4A97-9AA7-97DC7967E590}"
EndProject
Global
	GlobalSection(SolutionConfigurationPlatforms) = preSolution
		Debug|Any CPU = Debug|Any CPU
		Release|Any CPU = Release|Any CPU
	EndGlobalSection
	GlobalSection(ProjectConfigurationPlatforms) = postSolution
		{9F04F542-EA19-4A97-9AA7-97DC7967E590}.Debug|Any CPU.ActiveCfg = Debug|Any CPU
		{9F04F542-EA19-4A97-9AA7-97DC7967E590}.Debug|Any CPU.Build.0 = Debug|Any CPU
		{9F04F542-EA19-4A97-9AA7-97DC7967E590}.Debug|Any CPU.Deploy.0 = Debug|Any CPU
		{9F04F542-EA19-4A97-9AA7-97DC7967E590}.Release|Any CPU.ActiveCfg = Release|Any CPU
		{9F04F542-EA19-4A97-9AA7-97DC7967E590}.Release|Any CPU.Build.0 = Release|Any CPU
		{9F04F542-EA19-4A97-9AA7-97DC7967E590}.Release|Any CPU.Deploy.0 = Release|Any CPU
	EndGlobalSection
	GlobalSection(SolutionProperties) = preSolution
		HideSolutionNode = FALSE
	EndGlobalSection
EndGlobal
