
Microsoft Visual Studio Solution File, Format Version 11.00
# Visual Studio 2010
Project("{FAE04EC0-301F-11D3-BF4B-00C04F79EFBC}") = "SampleLoadTest", "SampleLoadTest.csproj", "{F017EA92-0AF5-4CCA-A80A-361E6887A7CA}"
EndProject
Global
	GlobalSection(SolutionConfigurationPlatforms) = preSolution
		Debug|x86 = Debug|x86
		Release|x86 = Release|x86
	EndGlobalSection
	GlobalSection(ProjectConfigurationPlatforms) = postSolution
		{F017EA92-0AF5-4CCA-A80A-361E6887A7CA}.Debug|x86.ActiveCfg = Debug|x86
		{F017EA92-0AF5-4CCA-A80A-361E6887A7CA}.Debug|x86.Build.0 = Debug|x86
		{F017EA92-0AF5-4CCA-A80A-361E6887A7CA}.Release|x86.ActiveCfg = Release|x86
		{F017EA92-0AF5-4CCA-A80A-361E6887A7CA}.Release|x86.Build.0 = Release|x86
	EndGlobalSection
	GlobalSection(SolutionProperties) = preSolution
		HideSolutionNode = FALSE
	EndGlobalSection
EndGlobal
