
Microsoft Visual Studio Solution File, Format Version 11.00
# Visual Studio 2010
Project("{F184B08F-C81C-45F6-A57F-5ABD9991F28F}") = "VerifyJob", "VerifyJob\VerifyJob.vbproj", "{08E1F4DB-87A9-4CAB-BFAD-6F30630028F5}"
EndProject
Global
	GlobalSection(SolutionConfigurationPlatforms) = preSolution
		Debug|Any CPU = Debug|Any CPU
		Release|Any CPU = Release|Any CPU
	EndGlobalSection
	GlobalSection(ProjectConfigurationPlatforms) = postSolution
		{08E1F4DB-87A9-4CAB-BFAD-6F30630028F5}.Debug|Any CPU.ActiveCfg = Debug|Any CPU
		{08E1F4DB-87A9-4CAB-BFAD-6F30630028F5}.Debug|Any CPU.Build.0 = Debug|Any CPU
		{08E1F4DB-87A9-4CAB-BFAD-6F30630028F5}.Debug|Any CPU.Deploy.0 = Debug|Any CPU
		{08E1F4DB-87A9-4CAB-BFAD-6F30630028F5}.Release|Any CPU.ActiveCfg = Release|Any CPU
		{08E1F4DB-87A9-4CAB-BFAD-6F30630028F5}.Release|Any CPU.Build.0 = Release|Any CPU
		{08E1F4DB-87A9-4CAB-BFAD-6F30630028F5}.Release|Any CPU.Deploy.0 = Release|Any CPU
	EndGlobalSection
	GlobalSection(SolutionProperties) = preSolution
		HideSolutionNode = FALSE
	EndGlobalSection
EndGlobal
