
Microsoft Visual Studio Solution File, Format Version 12.00
# Visual Studio 2012
Project("{FAE04EC0-301F-11D3-BF4B-00C04F79EFBC}") = "SPXmlObjectSnapshot", "SPXmlObjectSnapshot\SPXmlObjectSnapshot.csproj", "{72089536-2768-492F-A2EF-02908ABD86EE}"
EndProject
Global
	GlobalSection(SolutionConfigurationPlatforms) = preSolution
		Debug|Any CPU = Debug|Any CPU
		Release|Any CPU = Release|Any CPU
	EndGlobalSection
	GlobalSection(ProjectConfigurationPlatforms) = postSolution
		{72089536-2768-492F-A2EF-02908ABD86EE}.Debug|Any CPU.ActiveCfg = Debug|Any CPU
		{72089536-2768-492F-A2EF-02908ABD86EE}.Debug|Any CPU.Build.0 = Debug|Any CPU
		{72089536-2768-492F-A2EF-02908ABD86EE}.Release|Any CPU.ActiveCfg = Release|Any CPU
		{72089536-2768-492F-A2EF-02908ABD86EE}.Release|Any CPU.Build.0 = Release|Any CPU
	EndGlobalSection
	GlobalSection(SolutionProperties) = preSolution
		HideSolutionNode = FALSE
	EndGlobalSection
EndGlobal
