
Microsoft Visual Studio Solution File, Format Version 11.00
# Visual Studio 2010
Project("{FAE04EC0-301F-11D3-BF4B-00C04F79EFBC}") = "MSDNArticleIM", "MSDNArticleIM\MSDNArticleIM.csproj", "{6EFF20F2-2FE2-48CE-BF52-B1FD0DAAD32A}"
EndProject
Project("{54435603-DBB4-11D2-8724-00A0C9A8B90C}") = "MSDNArticleIM_", "MSDNArticleIM_\MSDNArticleIM_.vdproj", "{CFBB26F2-5F80-43A1-B050-E161A2A444DF}"
EndProject
Global
	GlobalSection(SolutionConfigurationPlatforms) = preSolution
		Debug|x86 = Debug|x86
		Release|x86 = Release|x86
	EndGlobalSection
	GlobalSection(ProjectConfigurationPlatforms) = postSolution
		{6EFF20F2-2FE2-48CE-BF52-B1FD0DAAD32A}.Debug|x86.ActiveCfg = Debug|x86
		{6EFF20F2-2FE2-48CE-BF52-B1FD0DAAD32A}.Debug|x86.Build.0 = Debug|x86
		{6EFF20F2-2FE2-48CE-BF52-B1FD0DAAD32A}.Release|x86.ActiveCfg = Release|x86
		{6EFF20F2-2FE2-48CE-BF52-B1FD0DAAD32A}.Release|x86.Build.0 = Release|x86
		{CFBB26F2-5F80-43A1-B050-E161A2A444DF}.Debug|x86.ActiveCfg = Debug
		{CFBB26F2-5F80-43A1-B050-E161A2A444DF}.Release|x86.ActiveCfg = Release
	EndGlobalSection
	GlobalSection(SolutionProperties) = preSolution
		HideSolutionNode = FALSE
	EndGlobalSection
EndGlobal
