
Microsoft Visual Studio Solution File, Format Version 12.00
# Visual Studio 2012
Project("{FAE04EC0-301F-11D3-BF4B-00C04F79EFBC}") = "SP_VideoPlaylist_js", "SP_VideoPlaylist_js\SP_VideoPlaylist_js.csproj", "{713E5D16-16F9-4361-B49E-64AE7A149C10}"
EndProject
Global
	GlobalSection(SolutionConfigurationPlatforms) = preSolution
		Debug|Any CPU = Debug|Any CPU
		Release|Any CPU = Release|Any CPU
	EndGlobalSection
	GlobalSection(ProjectConfigurationPlatforms) = postSolution
		{713E5D16-16F9-4361-B49E-64AE7A149C10}.Debug|Any CPU.ActiveCfg = Debug|Any CPU
		{713E5D16-16F9-4361-B49E-64AE7A149C10}.Debug|Any CPU.Build.0 = Debug|Any CPU
		{713E5D16-16F9-4361-B49E-64AE7A149C10}.Debug|Any CPU.Deploy.0 = Debug|Any CPU
		{713E5D16-16F9-4361-B49E-64AE7A149C10}.Release|Any CPU.ActiveCfg = Release|Any CPU
		{713E5D16-16F9-4361-B49E-64AE7A149C10}.Release|Any CPU.Build.0 = Release|Any CPU
		{713E5D16-16F9-4361-B49E-64AE7A149C10}.Release|Any CPU.Deploy.0 = Release|Any CPU
	EndGlobalSection
	GlobalSection(SolutionProperties) = preSolution
		HideSolutionNode = FALSE
	EndGlobalSection
EndGlobal
