
Microsoft Visual Studio Solution File, Format Version 11.00
# Visual Studio 2010
Project("{FAE04EC0-301F-11D3-BF4B-00C04F79EFBC}") = "Microsoft.ServiceBus.AccessControlExtensions", "Microsoft.ServiceBus.AccessControlExtensions\Microsoft.ServiceBus.AccessControlExtensions.csproj", "{D76F69A5-B137-4020-827E-144AFEB501AB}"
EndProject
Project("{FAE04EC0-301F-11D3-BF4B-00C04F79EFBC}") = "sbaztool", "sbaztool\sbaztool.csproj", "{4F835837-6DCF-402E-B7A8-CC4419087FFB}"
EndProject
Project("{2150E333-8FDC-42A3-9474-1A3956D46DE8}") = "Solution Items", "Solution Items", "{04FEC842-F6BF-46D9-A6EC-2588B8BD8349}"
	ProjectSection(SolutionItems) = preProject
		Readme.htm = Readme.htm
	EndProjectSection
EndProject
Global
	GlobalSection(SolutionConfigurationPlatforms) = preSolution
		Debug|Any CPU = Debug|Any CPU
		Debug|Mixed Platforms = Debug|Mixed Platforms
		Debug|x86 = Debug|x86
		Release|Any CPU = Release|Any CPU
		Release|Mixed Platforms = Release|Mixed Platforms
		Release|x86 = Release|x86
	EndGlobalSection
	GlobalSection(ProjectConfigurationPlatforms) = postSolution
		{D76F69A5-B137-4020-827E-144AFEB501AB}.Debug|Any CPU.ActiveCfg = Debug|Any CPU
		{D76F69A5-B137-4020-827E-144AFEB501AB}.Debug|Any CPU.Build.0 = Debug|Any CPU
		{D76F69A5-B137-4020-827E-144AFEB501AB}.Debug|Mixed Platforms.ActiveCfg = Debug|Any CPU
		{D76F69A5-B137-4020-827E-144AFEB501AB}.Debug|Mixed Platforms.Build.0 = Debug|Any CPU
		{D76F69A5-B137-4020-827E-144AFEB501AB}.Debug|x86.ActiveCfg = Debug|Any CPU
		{D76F69A5-B137-4020-827E-144AFEB501AB}.Release|Any CPU.ActiveCfg = Release|Any CPU
		{D76F69A5-B137-4020-827E-144AFEB501AB}.Release|Any CPU.Build.0 = Release|Any CPU
		{D76F69A5-B137-4020-827E-144AFEB501AB}.Release|Mixed Platforms.ActiveCfg = Release|Any CPU
		{D76F69A5-B137-4020-827E-144AFEB501AB}.Release|Mixed Platforms.Build.0 = Release|Any CPU
		{D76F69A5-B137-4020-827E-144AFEB501AB}.Release|x86.ActiveCfg = Release|Any CPU
		{4F835837-6DCF-402E-B7A8-CC4419087FFB}.Debug|Any CPU.ActiveCfg = Debug|x86
		{4F835837-6DCF-402E-B7A8-CC4419087FFB}.Debug|Mixed Platforms.ActiveCfg = Debug|x86
		{4F835837-6DCF-402E-B7A8-CC4419087FFB}.Debug|Mixed Platforms.Build.0 = Debug|x86
		{4F835837-6DCF-402E-B7A8-CC4419087FFB}.Debug|x86.ActiveCfg = Debug|x86
		{4F835837-6DCF-402E-B7A8-CC4419087FFB}.Debug|x86.Build.0 = Debug|x86
		{4F835837-6DCF-402E-B7A8-CC4419087FFB}.Release|Any CPU.ActiveCfg = Release|x86
		{4F835837-6DCF-402E-B7A8-CC4419087FFB}.Release|Mixed Platforms.ActiveCfg = Release|x86
		{4F835837-6DCF-402E-B7A8-CC4419087FFB}.Release|Mixed Platforms.Build.0 = Release|x86
		{4F835837-6DCF-402E-B7A8-CC4419087FFB}.Release|x86.ActiveCfg = Release|x86
		{4F835837-6DCF-402E-B7A8-CC4419087FFB}.Release|x86.Build.0 = Release|x86
	EndGlobalSection
	GlobalSection(SolutionProperties) = preSolution
		HideSolutionNode = FALSE
	EndGlobalSection
EndGlobal
