
Microsoft Visual Studio Solution File, Format Version 12.00
# Visual Studio 2013
VisualStudioVersion = 12.0.21005.1
MinimumVisualStudioVersion = 10.0.40219.1
Project("{FAE04EC0-301F-11D3-BF4B-00C04F79EFBC}") = "InteractiveControl", "InteractiveControl\InteractiveControl.csproj", "{3CBD02A1-B4EA-4425-8F80-401D1A6F667C}"
EndProject
Project("{FAE04EC0-301F-11D3-BF4B-00C04F79EFBC}") = "InteractiveControlWeb", "InteractiveControlWeb\InteractiveControlWeb.csproj", "{786F095A-34E3-49EB-8FA9-CE24D8C4EDDD}"
EndProject
Global
	GlobalSection(SolutionConfigurationPlatforms) = preSolution
		Debug|Any CPU = Debug|Any CPU
		Release|Any CPU = Release|Any CPU
	EndGlobalSection
	GlobalSection(ProjectConfigurationPlatforms) = postSolution
		{3CBD02A1-B4EA-4425-8F80-401D1A6F667C}.Debug|Any CPU.ActiveCfg = Debug|Any CPU
		{3CBD02A1-B4EA-4425-8F80-401D1A6F667C}.Debug|Any CPU.Build.0 = Debug|Any CPU
		{3CBD02A1-B4EA-4425-8F80-401D1A6F667C}.Debug|Any CPU.Deploy.0 = Debug|Any CPU
		{3CBD02A1-B4EA-4425-8F80-401D1A6F667C}.Release|Any CPU.ActiveCfg = Release|Any CPU
		{3CBD02A1-B4EA-4425-8F80-401D1A6F667C}.Release|Any CPU.Build.0 = Release|Any CPU
		{3CBD02A1-B4EA-4425-8F80-401D1A6F667C}.Release|Any CPU.Deploy.0 = Release|Any CPU
		{786F095A-34E3-49EB-8FA9-CE24D8C4EDDD}.Debug|Any CPU.ActiveCfg = Debug|Any CPU
		{786F095A-34E3-49EB-8FA9-CE24D8C4EDDD}.Debug|Any CPU.Build.0 = Debug|Any CPU
		{786F095A-34E3-49EB-8FA9-CE24D8C4EDDD}.Release|Any CPU.ActiveCfg = Release|Any CPU
		{786F095A-34E3-49EB-8FA9-CE24D8C4EDDD}.Release|Any CPU.Build.0 = Release|Any CPU
	EndGlobalSection
	GlobalSection(SolutionProperties) = preSolution
		HideSolutionNode = FALSE
	EndGlobalSection
EndGlobal
