
Microsoft Visual Studio Solution File, Format Version 12.00
# Visual Studio 11
Project("{FAE04EC0-301F-11D3-BF4B-00C04F79EFBC}") = "CustomProperties", "CustomProperties\CustomProperties.csproj", "{5D46B8B6-E7EF-4F44-B80B-931AD30D3190}"
EndProject
Project("{FAE04EC0-301F-11D3-BF4B-00C04F79EFBC}") = "CustomPropertiesWeb", "CustomPropertiesWeb\CustomPropertiesWeb.csproj", "{7267B494-0424-4F17-80A5-6912D2991241}"
EndProject
Global
	GlobalSection(SolutionConfigurationPlatforms) = preSolution
		Debug|Any CPU = Debug|Any CPU
		Release|Any CPU = Release|Any CPU
	EndGlobalSection
	GlobalSection(ProjectConfigurationPlatforms) = postSolution
		{5D46B8B6-E7EF-4F44-B80B-931AD30D3190}.Debug|Any CPU.ActiveCfg = Debug|Any CPU
		{5D46B8B6-E7EF-4F44-B80B-931AD30D3190}.Debug|Any CPU.Build.0 = Debug|Any CPU
		{5D46B8B6-E7EF-4F44-B80B-931AD30D3190}.Debug|Any CPU.Deploy.0 = Debug|Any CPU
		{5D46B8B6-E7EF-4F44-B80B-931AD30D3190}.Release|Any CPU.ActiveCfg = Release|Any CPU
		{5D46B8B6-E7EF-4F44-B80B-931AD30D3190}.Release|Any CPU.Build.0 = Release|Any CPU
		{5D46B8B6-E7EF-4F44-B80B-931AD30D3190}.Release|Any CPU.Deploy.0 = Release|Any CPU
		{7267B494-0424-4F17-80A5-6912D2991241}.Debug|Any CPU.ActiveCfg = Debug|Any CPU
		{7267B494-0424-4F17-80A5-6912D2991241}.Debug|Any CPU.Build.0 = Debug|Any CPU
		{7267B494-0424-4F17-80A5-6912D2991241}.Release|Any CPU.ActiveCfg = Release|Any CPU
		{7267B494-0424-4F17-80A5-6912D2991241}.Release|Any CPU.Build.0 = Release|Any CPU
	EndGlobalSection
	GlobalSection(SolutionProperties) = preSolution
		HideSolutionNode = FALSE
	EndGlobalSection
EndGlobal
