
Microsoft Visual Studio Solution File, Format Version 12.00
# Visual Studio 2012
Project("{FAE04EC0-301F-11D3-BF4B-00C04F79EFBC}") = "HousingApplication", "HousingApplication\HousingApplication.csproj", "{6A2DB345-0E43-4F2A-BFD6-BE03FADE1789}"
EndProject
Project("{FAE04EC0-301F-11D3-BF4B-00C04F79EFBC}") = "HousingApplicationWeb", "HousingApplicationWeb\HousingApplicationWeb.csproj", "{B72D48C0-B5E2-4713-9500-B21CEBE73029}"
EndProject
Global
	GlobalSection(SolutionConfigurationPlatforms) = preSolution
		Debug|Any CPU = Debug|Any CPU
		Release|Any CPU = Release|Any CPU
	EndGlobalSection
	GlobalSection(ProjectConfigurationPlatforms) = postSolution
		{6A2DB345-0E43-4F2A-BFD6-BE03FADE1789}.Debug|Any CPU.ActiveCfg = Debug|Any CPU
		{6A2DB345-0E43-4F2A-BFD6-BE03FADE1789}.Debug|Any CPU.Build.0 = Debug|Any CPU
		{6A2DB345-0E43-4F2A-BFD6-BE03FADE1789}.Debug|Any CPU.Deploy.0 = Debug|Any CPU
		{6A2DB345-0E43-4F2A-BFD6-BE03FADE1789}.Release|Any CPU.ActiveCfg = Release|Any CPU
		{6A2DB345-0E43-4F2A-BFD6-BE03FADE1789}.Release|Any CPU.Build.0 = Release|Any CPU
		{6A2DB345-0E43-4F2A-BFD6-BE03FADE1789}.Release|Any CPU.Deploy.0 = Release|Any CPU
		{B72D48C0-B5E2-4713-9500-B21CEBE73029}.Debug|Any CPU.ActiveCfg = Debug|Any CPU
		{B72D48C0-B5E2-4713-9500-B21CEBE73029}.Debug|Any CPU.Build.0 = Debug|Any CPU
		{B72D48C0-B5E2-4713-9500-B21CEBE73029}.Release|Any CPU.ActiveCfg = Release|Any CPU
		{B72D48C0-B5E2-4713-9500-B21CEBE73029}.Release|Any CPU.Build.0 = Release|Any CPU
	EndGlobalSection
	GlobalSection(SolutionProperties) = preSolution
		HideSolutionNode = FALSE
	EndGlobalSection
EndGlobal
