
Microsoft Visual Studio Solution File, Format Version 10.00
# Visual Studio 2008
Project("{FAE04EC0-301F-11D3-BF4B-00C04F79EFBC}") = "MatchOptionsCommands", "MatchOptionsCommands.csproj", "{2CBC4CC0-29A2-4F6A-965E-97BBAC5DAAC5}"
EndProject
Global
	GlobalSection(SolutionConfigurationPlatforms) = preSolution
		Debug|Any CPU = Debug|Any CPU
		Release|Any CPU = Release|Any CPU
	EndGlobalSection
	GlobalSection(ProjectConfigurationPlatforms) = postSolution
		{2CBC4CC0-29A2-4F6A-965E-97BBAC5DAAC5}.Debug|Any CPU.ActiveCfg = Debug|Any CPU
		{2CBC4CC0-29A2-4F6A-965E-97BBAC5DAAC5}.Debug|Any CPU.Build.0 = Debug|Any CPU
		{2CBC4CC0-29A2-4F6A-965E-97BBAC5DAAC5}.Release|Any CPU.ActiveCfg = Release|Any CPU
		{2CBC4CC0-29A2-4F6A-965E-97BBAC5DAAC5}.Release|Any CPU.Build.0 = Release|Any CPU
	EndGlobalSection
	GlobalSection(SolutionProperties) = preSolution
		HideSolutionNode = FALSE
	EndGlobalSection
EndGlobal
