
Microsoft Visual Studio Solution File, Format Version 11.00
# Visual Studio 2010
Project("{FAE04EC0-301F-11D3-BF4B-00C04F79EFBC}") = "MultiSolutionAddInInstaller", "MultiSolutionAddInInstaller\MultiSolutionAddInInstaller.csproj", "{88BEC155-FA79-44FE-AD89-6778DA1E28B5}"
EndProject
Project("{FAE04EC0-301F-11D3-BF4B-00C04F79EFBC}") = "ExcelSmartTagAddIn", "ExcelSmartTagAddIn\ExcelSmartTagAddIn.csproj", "{B43A0E0A-6918-4FC3-97E8-7604E58BC3C4}"
EndProject
Project("{FAE04EC0-301F-11D3-BF4B-00C04F79EFBC}") = "WordSmartTagAddIn", "WordSmartTagAddIn\WordSmartTagAddIn.csproj", "{2D6382C6-E130-4F71-A428-0E526F2DBCCA}"
EndProject
Global
	GlobalSection(SolutionConfigurationPlatforms) = preSolution
		Debug|Any CPU = Debug|Any CPU
		Release|Any CPU = Release|Any CPU
	EndGlobalSection
	GlobalSection(ProjectConfigurationPlatforms) = postSolution
		{88BEC155-FA79-44FE-AD89-6778DA1E28B5}.Debug|Any CPU.ActiveCfg = Debug|Any CPU
		{88BEC155-FA79-44FE-AD89-6778DA1E28B5}.Debug|Any CPU.Build.0 = Debug|Any CPU
		{88BEC155-FA79-44FE-AD89-6778DA1E28B5}.Release|Any CPU.ActiveCfg = Release|Any CPU
		{88BEC155-FA79-44FE-AD89-6778DA1E28B5}.Release|Any CPU.Build.0 = Release|Any CPU
		{B43A0E0A-6918-4FC3-97E8-7604E58BC3C4}.Debug|Any CPU.ActiveCfg = Debug|Any CPU
		{B43A0E0A-6918-4FC3-97E8-7604E58BC3C4}.Debug|Any CPU.Build.0 = Debug|Any CPU
		{B43A0E0A-6918-4FC3-97E8-7604E58BC3C4}.Release|Any CPU.ActiveCfg = Release|Any CPU
		{B43A0E0A-6918-4FC3-97E8-7604E58BC3C4}.Release|Any CPU.Build.0 = Release|Any CPU
		{2D6382C6-E130-4F71-A428-0E526F2DBCCA}.Debug|Any CPU.ActiveCfg = Debug|Any CPU
		{2D6382C6-E130-4F71-A428-0E526F2DBCCA}.Debug|Any CPU.Build.0 = Debug|Any CPU
		{2D6382C6-E130-4F71-A428-0E526F2DBCCA}.Release|Any CPU.ActiveCfg = Release|Any CPU
		{2D6382C6-E130-4F71-A428-0E526F2DBCCA}.Release|Any CPU.Build.0 = Release|Any CPU
	EndGlobalSection
	GlobalSection(SolutionProperties) = preSolution
		HideSolutionNode = FALSE
	EndGlobalSection
EndGlobal
