
Microsoft Visual Studio Solution File, Format Version 12.00
# Visual Studio 2012
Project("{FAE04EC0-301F-11D3-BF4B-00C04F79EFBC}") = "TwitterApp", "TwitterApp\TwitterApp.csproj", "{45A789CB-8632-4612-B4E3-6BA018C1C4F8}"
EndProject
Project("{FAE04EC0-301F-11D3-BF4B-00C04F79EFBC}") = "TwitterAppWeb", "TwitterAppWeb\TwitterAppWeb.csproj", "{2F5F5DA5-06C0-4EBC-8636-59B8C7D22DD1}"
EndProject
Global
	GlobalSection(SolutionConfigurationPlatforms) = preSolution
		Debug|Any CPU = Debug|Any CPU
		Release|Any CPU = Release|Any CPU
	EndGlobalSection
	GlobalSection(ProjectConfigurationPlatforms) = postSolution
		{2F5F5DA5-06C0-4EBC-8636-59B8C7D22DD1}.Debug|Any CPU.ActiveCfg = Debug|Any CPU
		{2F5F5DA5-06C0-4EBC-8636-59B8C7D22DD1}.Debug|Any CPU.Build.0 = Debug|Any CPU
		{2F5F5DA5-06C0-4EBC-8636-59B8C7D22DD1}.Release|Any CPU.ActiveCfg = Release|Any CPU
		{2F5F5DA5-06C0-4EBC-8636-59B8C7D22DD1}.Release|Any CPU.Build.0 = Release|Any CPU
		{45A789CB-8632-4612-B4E3-6BA018C1C4F8}.Debug|Any CPU.ActiveCfg = Debug|Any CPU
		{45A789CB-8632-4612-B4E3-6BA018C1C4F8}.Debug|Any CPU.Build.0 = Debug|Any CPU
		{45A789CB-8632-4612-B4E3-6BA018C1C4F8}.Debug|Any CPU.Deploy.0 = Debug|Any CPU
		{45A789CB-8632-4612-B4E3-6BA018C1C4F8}.Release|Any CPU.ActiveCfg = Release|Any CPU
		{45A789CB-8632-4612-B4E3-6BA018C1C4F8}.Release|Any CPU.Build.0 = Release|Any CPU
		{45A789CB-8632-4612-B4E3-6BA018C1C4F8}.Release|Any CPU.Deploy.0 = Release|Any CPU
	EndGlobalSection
	GlobalSection(SolutionProperties) = preSolution
		HideSolutionNode = FALSE
	EndGlobalSection
EndGlobal
