
Microsoft Visual Studio Solution File, Format Version 12.00
# Visual Studio 11
Project("{8BC9CEB8-8B4A-11D0-8D11-00A0C91BC942}") = "WUDFOsrUsbFx2", "final\WUDFOsrUsbFx2.VcxProj", "{FEF00CA3-4988-4753-A0AA-33013BD877D7}"
EndProject
Project("{8BC9CEB8-8B4A-11D0-8D11-00A0C91BC942}") = "WUDFOsrUsbFx2_IdleWake_Non-PPO", "IdleWake\IdleWake_Non-PPO\WUDFOsrUsbFx2_IdleWake_Non-PPO.VcxProj", "{D949B48B-D15E-4943-ADD1-62FACF91B302}"
EndProject
Project("{8BC9CEB8-8B4A-11D0-8D11-00A0C91BC942}") = "WUDFOsrUsbFx2_IdleWake_PPO", "IdleWake\IdleWake_PPO\WUDFOsrUsbFx2_IdleWake_PPO.VcxProj", "{F406AD4E-59A8-4BBE-8394-624D4D436C2B}"
EndProject
Project("{8BC9CEB8-8B4A-11D0-8D11-00A0C91BC942}") = "WUDFOsrUsbFx2_Imp", "impersonation\WUDFOsrUsbFx2_Imp.VcxProj", "{6924594F-22D1-4981-AA34-275F9FB2C25C}"
EndProject
Project("{2150E333-8FDC-42A3-9474-1A3956D46DE8}") = "Solution Items", "Solution Items", "{447C3D9D-A408-4063-83EE-BF1CCEA969B1}"
	ProjectSection(SolutionItems) = preProject
		inc\WUDFOsrUsbPublic.h = inc\WUDFOsrUsbPublic.h
		inc\list.h = inc\list.h
		inc\public.h = inc\public.h
		inc\usb_hw.h = inc\usb_hw.h
	EndProjectSection
EndProject
Global
	GlobalSection(SolutionConfigurationPlatforms) = preSolution
		Windows 7 Debug|Win32 = Windows 7 Debug|Win32
		Windows 7 Debug|x64 = Windows 7 Debug|x64
		Windows 7 Release|Win32 = Windows 7 Release|Win32
		Windows 7 Release|x64 = Windows 7 Release|x64
		Windows Developer Preview Debug|Win32 = Windows Developer Preview Debug|Win32
		Windows Developer Preview Debug|x64 = Windows Developer Preview Debug|x64
		Windows Developer Preview Release|Win32 = Windows Developer Preview Release|Win32
		Windows Developer Preview Release|x64 = Windows Developer Preview Release|x64
		Windows Vista Debug|Win32 = Windows Vista Debug|Win32
		Windows Vista Debug|x64 = Windows Vista Debug|x64
		Windows Vista Release|Win32 = Windows Vista Release|Win32
		Windows Vista Release|x64 = Windows Vista Release|x64
	EndGlobalSection
	GlobalSection(ProjectConfigurationPlatforms) = postSolution
		{6924594F-22D1-4981-AA34-275F9FB2C25C}.Windows 7 Debug|Win32.ActiveCfg = Windows 7 Debug|Win32
		{6924594F-22D1-4981-AA34-275F9FB2C25C}.Windows 7 Debug|Win32.Build.0 = Windows 7 Debug|Win32
		{6924594F-22D1-4981-AA34-275F9FB2C25C}.Windows 7 Debug|Win32.Deploy.0 = Windows 7 Debug|Win32
		{6924594F-22D1-4981-AA34-275F9FB2C25C}.Windows 7 Debug|x64.ActiveCfg = Windows 7 Debug|x64
		{6924594F-22D1-4981-AA34-275F9FB2C25C}.Windows 7 Debug|x64.Build.0 = Windows 7 Debug|x64
		{6924594F-22D1-4981-AA34-275F9FB2C25C}.Windows 7 Debug|x64.Deploy.0 = Windows 7 Debug|x64
		{6924594F-22D1-4981-AA34-275F9FB2C25C}.Windows 7 Release|Win32.ActiveCfg = Windows 7 Release|Win32
		{6924594F-22D1-4981-AA34-275F9FB2C25C}.Windows 7 Release|Win32.Build.0 = Windows 7 Release|Win32
		{6924594F-22D1-4981-AA34-275F9FB2C25C}.Windows 7 Release|Win32.Deploy.0 = Windows 7 Release|Win32
		{6924594F-22D1-4981-AA34-275F9FB2C25C}.Windows 7 Release|x64.ActiveCfg = Windows 7 Release|x64
		{6924594F-22D1-4981-AA34-275F9FB2C25C}.Windows 7 Release|x64.Build.0 = Windows 7 Release|x64
		{6924594F-22D1-4981-AA34-275F9FB2C25C}.Windows 7 Release|x64.Deploy.0 = Windows 7 Release|x64
		{6924594F-22D1-4981-AA34-275F9FB2C25C}.Windows Developer Preview Debug|Win32.ActiveCfg = Windows Developer Preview Debug|Win32
		{6924594F-22D1-4981-AA34-275F9FB2C25C}.Windows Developer Preview Debug|Win32.Build.0 = Windows Developer Preview Debug|Win32
		{6924594F-22D1-4981-AA34-275F9FB2C25C}.Windows Developer Preview Debug|Win32.Deploy.0 = Windows Developer Preview Debug|Win32
		{6924594F-22D1-4981-AA34-275F9FB2C25C}.Windows Developer Preview Debug|x64.ActiveCfg = Windows Developer Preview Debug|x64
		{6924594F-22D1-4981-AA34-275F9FB2C25C}.Windows Developer Preview Debug|x64.Build.0 = Windows Developer Preview Debug|x64
		{6924594F-22D1-4981-AA34-275F9FB2C25C}.Windows Developer Preview Debug|x64.Deploy.0 = Windows Developer Preview Debug|x64
		{6924594F-22D1-4981-AA34-275F9FB2C25C}.Windows Developer Preview Release|Win32.ActiveCfg = Windows Developer Preview Release|Win32
		{6924594F-22D1-4981-AA34-275F9FB2C25C}.Windows Developer Preview Release|Win32.Build.0 = Windows Developer Preview Release|Win32
		{6924594F-22D1-4981-AA34-275F9FB2C25C}.Windows Developer Preview Release|Win32.Deploy.0 = Windows Developer Preview Release|Win32
		{6924594F-22D1-4981-AA34-275F9FB2C25C}.Windows Developer Preview Release|x64.ActiveCfg = Windows Developer Preview Release|x64
		{6924594F-22D1-4981-AA34-275F9FB2C25C}.Windows Developer Preview Release|x64.Build.0 = Windows Developer Preview Release|x64
		{6924594F-22D1-4981-AA34-275F9FB2C25C}.Windows Developer Preview Release|x64.Deploy.0 = Windows Developer Preview Release|x64
		{6924594F-22D1-4981-AA34-275F9FB2C25C}.Windows Vista Debug|Win32.ActiveCfg = Windows Vista Debug|Win32
		{6924594F-22D1-4981-AA34-275F9FB2C25C}.Windows Vista Debug|Win32.Build.0 = Windows Vista Debug|Win32
		{6924594F-22D1-4981-AA34-275F9FB2C25C}.Windows Vista Debug|Win32.Deploy.0 = Windows Vista Debug|Win32
		{6924594F-22D1-4981-AA34-275F9FB2C25C}.Windows Vista Debug|x64.ActiveCfg = Windows Vista Debug|x64
		{6924594F-22D1-4981-AA34-275F9FB2C25C}.Windows Vista Debug|x64.Build.0 = Windows Vista Debug|x64
		{6924594F-22D1-4981-AA34-275F9FB2C25C}.Windows Vista Debug|x64.Deploy.0 = Windows Vista Debug|x64
		{6924594F-22D1-4981-AA34-275F9FB2C25C}.Windows Vista Release|Win32.ActiveCfg = Windows Vista Release|Win32
		{6924594F-22D1-4981-AA34-275F9FB2C25C}.Windows Vista Release|Win32.Build.0 = Windows Vista Release|Win32
		{6924594F-22D1-4981-AA34-275F9FB2C25C}.Windows Vista Release|Win32.Deploy.0 = Windows Vista Release|Win32
		{6924594F-22D1-4981-AA34-275F9FB2C25C}.Windows Vista Release|x64.ActiveCfg = Windows Vista Release|x64
		{6924594F-22D1-4981-AA34-275F9FB2C25C}.Windows Vista Release|x64.Build.0 = Windows Vista Release|x64
		{6924594F-22D1-4981-AA34-275F9FB2C25C}.Windows Vista Release|x64.Deploy.0 = Windows Vista Release|x64
		{D949B48B-D15E-4943-ADD1-62FACF91B302}.Windows 7 Debug|Win32.ActiveCfg = Windows 7 Debug|Win32
		{D949B48B-D15E-4943-ADD1-62FACF91B302}.Windows 7 Debug|Win32.Build.0 = Windows 7 Debug|Win32
		{D949B48B-D15E-4943-ADD1-62FACF91B302}.Windows 7 Debug|Win32.Deploy.0 = Windows 7 Debug|Win32
		{D949B48B-D15E-4943-ADD1-62FACF91B302}.Windows 7 Debug|x64.ActiveCfg = Windows 7 Debug|x64
		{D949B48B-D15E-4943-ADD1-62FACF91B302}.Windows 7 Debug|x64.Build.0 = Windows 7 Debug|x64
		{D949B48B-D15E-4943-ADD1-62FACF91B302}.Windows 7 Debug|x64.Deploy.0 = Windows 7 Debug|x64
		{D949B48B-D15E-4943-ADD1-62FACF91B302}.Windows 7 Release|Win32.ActiveCfg = Windows 7 Release|Win32
		{D949B48B-D15E-4943-ADD1-62FACF91B302}.Windows 7 Release|Win32.Build.0 = Windows 7 Release|Win32
		{D949B48B-D15E-4943-ADD1-62FACF91B302}.Windows 7 Release|Win32.Deploy.0 = Windows 7 Release|Win32
		{D949B48B-D15E-4943-ADD1-62FACF91B302}.Windows 7 Release|x64.ActiveCfg = Windows 7 Release|x64
		{D949B48B-D15E-4943-ADD1-62FACF91B302}.Windows 7 Release|x64.Build.0 = Windows 7 Release|x64
		{D949B48B-D15E-4943-ADD1-62FACF91B302}.Windows 7 Release|x64.Deploy.0 = Windows 7 Release|x64
		{D949B48B-D15E-4943-ADD1-62FACF91B302}.Windows Developer Preview Debug|Win32.ActiveCfg = Windows Developer Preview Debug|Win32
		{D949B48B-D15E-4943-ADD1-62FACF91B302}.Windows Developer Preview Debug|Win32.Build.0 = Windows Developer Preview Debug|Win32
		{D949B48B-D15E-4943-ADD1-62FACF91B302}.Windows Developer Preview Debug|Win32.Deploy.0 = Windows Developer Preview Debug|Win32
		{D949B48B-D15E-4943-ADD1-62FACF91B302}.Windows Developer Preview Debug|x64.ActiveCfg = Windows Developer Preview Debug|x64
		{D949B48B-D15E-4943-ADD1-62FACF91B302}.Windows Developer Preview Debug|x64.Build.0 = Windows Developer Preview Debug|x64
		{D949B48B-D15E-4943-ADD1-62FACF91B302}.Windows Developer Preview Debug|x64.Deploy.0 = Windows Developer Preview Debug|x64
		{D949B48B-D15E-4943-ADD1-62FACF91B302}.Windows Developer Preview Release|Win32.ActiveCfg = Windows Developer Preview Release|Win32
		{D949B48B-D15E-4943-ADD1-62FACF91B302}.Windows Developer Preview Release|Win32.Build.0 = Windows Developer Preview Release|Win32
		{D949B48B-D15E-4943-ADD1-62FACF91B302}.Windows Developer Preview Release|Win32.Deploy.0 = Windows Developer Preview Release|Win32
		{D949B48B-D15E-4943-ADD1-62FACF91B302}.Windows Developer Preview Release|x64.ActiveCfg = Windows Developer Preview Release|x64
		{D949B48B-D15E-4943-ADD1-62FACF91B302}.Windows Developer Preview Release|x64.Build.0 = Windows Developer Preview Release|x64
		{D949B48B-D15E-4943-ADD1-62FACF91B302}.Windows Developer Preview Release|x64.Deploy.0 = Windows Developer Preview Release|x64
		{D949B48B-D15E-4943-ADD1-62FACF91B302}.Windows Vista Debug|Win32.ActiveCfg = Windows Vista Debug|Win32
		{D949B48B-D15E-4943-ADD1-62FACF91B302}.Windows Vista Debug|Win32.Build.0 = Windows Vista Debug|Win32
		{D949B48B-D15E-4943-ADD1-62FACF91B302}.Windows Vista Debug|Win32.Deploy.0 = Windows Vista Debug|Win32
		{D949B48B-D15E-4943-ADD1-62FACF91B302}.Windows Vista Debug|x64.ActiveCfg = Windows Vista Debug|x64
		{D949B48B-D15E-4943-ADD1-62FACF91B302}.Windows Vista Debug|x64.Build.0 = Windows Vista Debug|x64
		{D949B48B-D15E-4943-ADD1-62FACF91B302}.Windows Vista Debug|x64.Deploy.0 = Windows Vista Debug|x64
		{D949B48B-D15E-4943-ADD1-62FACF91B302}.Windows Vista Release|Win32.ActiveCfg = Windows Vista Release|Win32
		{D949B48B-D15E-4943-ADD1-62FACF91B302}.Windows Vista Release|Win32.Build.0 = Windows Vista Release|Win32
		{D949B48B-D15E-4943-ADD1-62FACF91B302}.Windows Vista Release|Win32.Deploy.0 = Windows Vista Release|Win32
		{D949B48B-D15E-4943-ADD1-62FACF91B302}.Windows Vista Release|x64.ActiveCfg = Windows Vista Release|x64
		{D949B48B-D15E-4943-ADD1-62FACF91B302}.Windows Vista Release|x64.Build.0 = Windows Vista Release|x64
		{D949B48B-D15E-4943-ADD1-62FACF91B302}.Windows Vista Release|x64.Deploy.0 = Windows Vista Release|x64
		{F406AD4E-59A8-4BBE-8394-624D4D436C2B}.Windows 7 Debug|Win32.ActiveCfg = Windows 7 Debug|Win32
		{F406AD4E-59A8-4BBE-8394-624D4D436C2B}.Windows 7 Debug|Win32.Build.0 = Windows 7 Debug|Win32
		{F406AD4E-59A8-4BBE-8394-624D4D436C2B}.Windows 7 Debug|Win32.Deploy.0 = Windows 7 Debug|Win32
		{F406AD4E-59A8-4BBE-8394-624D4D436C2B}.Windows 7 Debug|x64.ActiveCfg = Windows 7 Debug|x64
		{F406AD4E-59A8-4BBE-8394-624D4D436C2B}.Windows 7 Debug|x64.Build.0 = Windows 7 Debug|x64
		{F406AD4E-59A8-4BBE-8394-624D4D436C2B}.Windows 7 Debug|x64.Deploy.0 = Windows 7 Debug|x64
		{F406AD4E-59A8-4BBE-8394-624D4D436C2B}.Windows 7 Release|Win32.ActiveCfg = Windows 7 Release|Win32
		{F406AD4E-59A8-4BBE-8394-624D4D436C2B}.Windows 7 Release|Win32.Build.0 = Windows 7 Release|Win32
		{F406AD4E-59A8-4BBE-8394-624D4D436C2B}.Windows 7 Release|Win32.Deploy.0 = Windows 7 Release|Win32
		{F406AD4E-59A8-4BBE-8394-624D4D436C2B}.Windows 7 Release|x64.ActiveCfg = Windows 7 Release|x64
		{F406AD4E-59A8-4BBE-8394-624D4D436C2B}.Windows 7 Release|x64.Build.0 = Windows 7 Release|x64
		{F406AD4E-59A8-4BBE-8394-624D4D436C2B}.Windows 7 Release|x64.Deploy.0 = Windows 7 Release|x64
		{F406AD4E-59A8-4BBE-8394-624D4D436C2B}.Windows Developer Preview Debug|Win32.ActiveCfg = Windows Developer Preview Debug|Win32
		{F406AD4E-59A8-4BBE-8394-624D4D436C2B}.Windows Developer Preview Debug|Win32.Build.0 = Windows Developer Preview Debug|Win32
		{F406AD4E-59A8-4BBE-8394-624D4D436C2B}.Windows Developer Preview Debug|Win32.Deploy.0 = Windows Developer Preview Debug|Win32
		{F406AD4E-59A8-4BBE-8394-624D4D436C2B}.Windows Developer Preview Debug|x64.ActiveCfg = Windows Developer Preview Debug|x64
		{F406AD4E-59A8-4BBE-8394-624D4D436C2B}.Windows Developer Preview Debug|x64.Build.0 = Windows Developer Preview Debug|x64
		{F406AD4E-59A8-4BBE-8394-624D4D436C2B}.Windows Developer Preview Debug|x64.Deploy.0 = Windows Developer Preview Debug|x64
		{F406AD4E-59A8-4BBE-8394-624D4D436C2B}.Windows Developer Preview Release|Win32.ActiveCfg = Windows Developer Preview Release|Win32
		{F406AD4E-59A8-4BBE-8394-624D4D436C2B}.Windows Developer Preview Release|Win32.Build.0 = Windows Developer Preview Release|Win32
		{F406AD4E-59A8-4BBE-8394-624D4D436C2B}.Windows Developer Preview Release|Win32.Deploy.0 = Windows Developer Preview Release|Win32
		{F406AD4E-59A8-4BBE-8394-624D4D436C2B}.Windows Developer Preview Release|x64.ActiveCfg = Windows Developer Preview Release|x64
		{F406AD4E-59A8-4BBE-8394-624D4D436C2B}.Windows Developer Preview Release|x64.Build.0 = Windows Developer Preview Release|x64
		{F406AD4E-59A8-4BBE-8394-624D4D436C2B}.Windows Developer Preview Release|x64.Deploy.0 = Windows Developer Preview Release|x64
		{F406AD4E-59A8-4BBE-8394-624D4D436C2B}.Windows Vista Debug|Win32.ActiveCfg = Windows Vista Debug|Win32
		{F406AD4E-59A8-4BBE-8394-624D4D436C2B}.Windows Vista Debug|Win32.Build.0 = Windows Vista Debug|Win32
		{F406AD4E-59A8-4BBE-8394-624D4D436C2B}.Windows Vista Debug|Win32.Deploy.0 = Windows Vista Debug|Win32
		{F406AD4E-59A8-4BBE-8394-624D4D436C2B}.Windows Vista Debug|x64.ActiveCfg = Windows Vista Debug|x64
		{F406AD4E-59A8-4BBE-8394-624D4D436C2B}.Windows Vista Debug|x64.Build.0 = Windows Vista Debug|x64
		{F406AD4E-59A8-4BBE-8394-624D4D436C2B}.Windows Vista Debug|x64.Deploy.0 = Windows Vista Debug|x64
		{F406AD4E-59A8-4BBE-8394-624D4D436C2B}.Windows Vista Release|Win32.ActiveCfg = Windows Vista Release|Win32
		{F406AD4E-59A8-4BBE-8394-624D4D436C2B}.Windows Vista Release|Win32.Build.0 = Windows Vista Release|Win32
		{F406AD4E-59A8-4BBE-8394-624D4D436C2B}.Windows Vista Release|Win32.Deploy.0 = Windows Vista Release|Win32
		{F406AD4E-59A8-4BBE-8394-624D4D436C2B}.Windows Vista Release|x64.ActiveCfg = Windows Vista Release|x64
		{F406AD4E-59A8-4BBE-8394-624D4D436C2B}.Windows Vista Release|x64.Build.0 = Windows Vista Release|x64
		{F406AD4E-59A8-4BBE-8394-624D4D436C2B}.Windows Vista Release|x64.Deploy.0 = Windows Vista Release|x64
		{FEF00CA3-4988-4753-A0AA-33013BD877D7}.Windows 7 Debug|Win32.ActiveCfg = Windows 7 Debug|Win32
		{FEF00CA3-4988-4753-A0AA-33013BD877D7}.Windows 7 Debug|Win32.Build.0 = Windows 7 Debug|Win32
		{FEF00CA3-4988-4753-A0AA-33013BD877D7}.Windows 7 Debug|Win32.Deploy.0 = Windows 7 Debug|Win32
		{FEF00CA3-4988-4753-A0AA-33013BD877D7}.Windows 7 Debug|x64.ActiveCfg = Windows 7 Debug|x64
		{FEF00CA3-4988-4753-A0AA-33013BD877D7}.Windows 7 Debug|x64.Build.0 = Windows 7 Debug|x64
		{FEF00CA3-4988-4753-A0AA-33013BD877D7}.Windows 7 Debug|x64.Deploy.0 = Windows 7 Debug|x64
		{FEF00CA3-4988-4753-A0AA-33013BD877D7}.Windows 7 Release|Win32.ActiveCfg = Windows 7 Release|Win32
		{FEF00CA3-4988-4753-A0AA-33013BD877D7}.Windows 7 Release|Win32.Build.0 = Windows 7 Release|Win32
		{FEF00CA3-4988-4753-A0AA-33013BD877D7}.Windows 7 Release|Win32.Deploy.0 = Windows 7 Release|Win32
		{FEF00CA3-4988-4753-A0AA-33013BD877D7}.Windows 7 Release|x64.ActiveCfg = Windows 7 Release|x64
		{FEF00CA3-4988-4753-A0AA-33013BD877D7}.Windows 7 Release|x64.Build.0 = Windows 7 Release|x64
		{FEF00CA3-4988-4753-A0AA-33013BD877D7}.Windows 7 Release|x64.Deploy.0 = Windows 7 Release|x64
		{FEF00CA3-4988-4753-A0AA-33013BD877D7}.Windows Developer Preview Debug|Win32.ActiveCfg = Windows Developer Preview Debug|Win32
		{FEF00CA3-4988-4753-A0AA-33013BD877D7}.Windows Developer Preview Debug|Win32.Build.0 = Windows Developer Preview Debug|Win32
		{FEF00CA3-4988-4753-A0AA-33013BD877D7}.Windows Developer Preview Debug|Win32.Deploy.0 = Windows Developer Preview Debug|Win32
		{FEF00CA3-4988-4753-A0AA-33013BD877D7}.Windows Developer Preview Debug|x64.ActiveCfg = Windows Developer Preview Debug|x64
		{FEF00CA3-4988-4753-A0AA-33013BD877D7}.Windows Developer Preview Debug|x64.Build.0 = Windows Developer Preview Debug|x64
		{FEF00CA3-4988-4753-A0AA-33013BD877D7}.Windows Developer Preview Debug|x64.Deploy.0 = Windows Developer Preview Debug|x64
		{FEF00CA3-4988-4753-A0AA-33013BD877D7}.Windows Developer Preview Release|Win32.ActiveCfg = Windows Developer Preview Release|Win32
		{FEF00CA3-4988-4753-A0AA-33013BD877D7}.Windows Developer Preview Release|Win32.Build.0 = Windows Developer Preview Release|Win32
		{FEF00CA3-4988-4753-A0AA-33013BD877D7}.Windows Developer Preview Release|Win32.Deploy.0 = Windows Developer Preview Release|Win32
		{FEF00CA3-4988-4753-A0AA-33013BD877D7}.Windows Developer Preview Release|x64.ActiveCfg = Windows Developer Preview Release|x64
		{FEF00CA3-4988-4753-A0AA-33013BD877D7}.Windows Developer Preview Release|x64.Build.0 = Windows Developer Preview Release|x64
		{FEF00CA3-4988-4753-A0AA-33013BD877D7}.Windows Developer Preview Release|x64.Deploy.0 = Windows Developer Preview Release|x64
		{FEF00CA3-4988-4753-A0AA-33013BD877D7}.Windows Vista Debug|Win32.ActiveCfg = Windows Vista Debug|Win32
		{FEF00CA3-4988-4753-A0AA-33013BD877D7}.Windows Vista Debug|Win32.Build.0 = Windows Vista Debug|Win32
		{FEF00CA3-4988-4753-A0AA-33013BD877D7}.Windows Vista Debug|Win32.Deploy.0 = Windows Vista Debug|Win32
		{FEF00CA3-4988-4753-A0AA-33013BD877D7}.Windows Vista Debug|x64.ActiveCfg = Windows Vista Debug|x64
		{FEF00CA3-4988-4753-A0AA-33013BD877D7}.Windows Vista Debug|x64.Build.0 = Windows Vista Debug|x64
		{FEF00CA3-4988-4753-A0AA-33013BD877D7}.Windows Vista Debug|x64.Deploy.0 = Windows Vista Debug|x64
		{FEF00CA3-4988-4753-A0AA-33013BD877D7}.Windows Vista Release|Win32.ActiveCfg = Windows Vista Release|Win32
		{FEF00CA3-4988-4753-A0AA-33013BD877D7}.Windows Vista Release|Win32.Build.0 = Windows Vista Release|Win32
		{FEF00CA3-4988-4753-A0AA-33013BD877D7}.Windows Vista Release|Win32.Deploy.0 = Windows Vista Release|Win32
		{FEF00CA3-4988-4753-A0AA-33013BD877D7}.Windows Vista Release|x64.ActiveCfg = Windows Vista Release|x64
		{FEF00CA3-4988-4753-A0AA-33013BD877D7}.Windows Vista Release|x64.Build.0 = Windows Vista Release|x64
		{FEF00CA3-4988-4753-A0AA-33013BD877D7}.Windows Vista Release|x64.Deploy.0 = Windows Vista Release|x64
	EndGlobalSection
	GlobalSection(SolutionProperties) = preSolution
		HideSolutionNode = FALSE
	EndGlobalSection
EndGlobal
