
Microsoft Visual Studio Solution File, Format Version 11.00
# Visual Studio 2010
Project("{CC5FD16D-436D-48AD-A40C-5A424C6E3E79}") = "Thumbnails", "Thumbnails\Thumbnails.ccproj", "{00BDEAC4-D386-4AD6-A64E-6A814A52A18A}"
EndProject
Project("{FAE04EC0-301F-11D3-BF4B-00C04F79EFBC}") = "Thumbnails_WebRole", "Thumbnails_WebRole\Thumbnails_WebRole.csproj", "{38D56BA1-DCC7-420C-9D4F-0036CFDD85EB}"
EndProject
Project("{FAE04EC0-301F-11D3-BF4B-00C04F79EFBC}") = "Thumbnails_WorkerRole", "Thumbnails_WorkerRole\Thumbnails_WorkerRole.csproj", "{D740BA85-5278-4BD4-A12D-CE88DA49E157}"
EndProject
Global
	GlobalSection(SolutionConfigurationPlatforms) = preSolution
		Debug|Any CPU = Debug|Any CPU
		Release|Any CPU = Release|Any CPU
	EndGlobalSection
	GlobalSection(ProjectConfigurationPlatforms) = postSolution
		{00BDEAC4-D386-4AD6-A64E-6A814A52A18A}.Debug|Any CPU.ActiveCfg = Debug|Any CPU
		{00BDEAC4-D386-4AD6-A64E-6A814A52A18A}.Debug|Any CPU.Build.0 = Debug|Any CPU
		{00BDEAC4-D386-4AD6-A64E-6A814A52A18A}.Release|Any CPU.ActiveCfg = Release|Any CPU
		{00BDEAC4-D386-4AD6-A64E-6A814A52A18A}.Release|Any CPU.Build.0 = Release|Any CPU
		{38D56BA1-DCC7-420C-9D4F-0036CFDD85EB}.Debug|Any CPU.ActiveCfg = Debug|Any CPU
		{38D56BA1-DCC7-420C-9D4F-0036CFDD85EB}.Debug|Any CPU.Build.0 = Debug|Any CPU
		{38D56BA1-DCC7-420C-9D4F-0036CFDD85EB}.Release|Any CPU.ActiveCfg = Release|Any CPU
		{38D56BA1-DCC7-420C-9D4F-0036CFDD85EB}.Release|Any CPU.Build.0 = Release|Any CPU
		{D740BA85-5278-4BD4-A12D-CE88DA49E157}.Debug|Any CPU.ActiveCfg = Debug|Any CPU
		{D740BA85-5278-4BD4-A12D-CE88DA49E157}.Debug|Any CPU.Build.0 = Debug|Any CPU
		{D740BA85-5278-4BD4-A12D-CE88DA49E157}.Release|Any CPU.ActiveCfg = Release|Any CPU
		{D740BA85-5278-4BD4-A12D-CE88DA49E157}.Release|Any CPU.Build.0 = Release|Any CPU
	EndGlobalSection
	GlobalSection(SolutionProperties) = preSolution
		HideSolutionNode = FALSE
	EndGlobalSection
EndGlobal
