
Microsoft Visual Studio Solution File, Format Version 12.00
# Visual Studio 2012
Project("{FAE04EC0-301F-11D3-BF4B-00C04F79EFBC}") = "O365_YoutubeIntegration", "O365_YoutubeIntegration_cs\O365_YoutubeIntegration_cs.csproj", "{3795A756-2DBE-4635-A329-0052867CD90B}"
EndProject
Project("{FAE04EC0-301F-11D3-BF4B-00C04F79EFBC}") = "O365_YoutubeIntegrationWeb", "O365_YoutubeIntegrationWeb_cs\O365_YoutubeIntegrationWeb_cs.csproj", "{BD45A54B-D7F1-4FA8-8C34-85AEA2A0955A}"
EndProject
Global
	GlobalSection(SolutionConfigurationPlatforms) = preSolution
		Debug|Any CPU = Debug|Any CPU
		Release|Any CPU = Release|Any CPU
	EndGlobalSection
	GlobalSection(ProjectConfigurationPlatforms) = postSolution
		{3795A756-2DBE-4635-A329-0052867CD90B}.Debug|Any CPU.ActiveCfg = Debug|Any CPU
		{3795A756-2DBE-4635-A329-0052867CD90B}.Debug|Any CPU.Build.0 = Debug|Any CPU
		{3795A756-2DBE-4635-A329-0052867CD90B}.Debug|Any CPU.Deploy.0 = Debug|Any CPU
		{3795A756-2DBE-4635-A329-0052867CD90B}.Release|Any CPU.ActiveCfg = Release|Any CPU
		{3795A756-2DBE-4635-A329-0052867CD90B}.Release|Any CPU.Build.0 = Release|Any CPU
		{3795A756-2DBE-4635-A329-0052867CD90B}.Release|Any CPU.Deploy.0 = Release|Any CPU
		{BD45A54B-D7F1-4FA8-8C34-85AEA2A0955A}.Debug|Any CPU.ActiveCfg = Debug|Any CPU
		{BD45A54B-D7F1-4FA8-8C34-85AEA2A0955A}.Debug|Any CPU.Build.0 = Debug|Any CPU
		{BD45A54B-D7F1-4FA8-8C34-85AEA2A0955A}.Release|Any CPU.ActiveCfg = Release|Any CPU
		{BD45A54B-D7F1-4FA8-8C34-85AEA2A0955A}.Release|Any CPU.Build.0 = Release|Any CPU
	EndGlobalSection
	GlobalSection(SolutionProperties) = preSolution
		HideSolutionNode = FALSE
	EndGlobalSection
EndGlobal
